// !$*UTF8*$!
{
	archiveVersion = 1;
	classes = {
	};
	objectVersion = 46;
	objects = {

/* Begin PBXBuildFile section */
		2632D44C1EA0AB5900B20FAB /* 项目架构文件 in Resources */ = {isa = PBXBuildFile; fileRef = 2632D4321EA0AB5900B20FAB /* 项目架构文件 */; };
		2632D44D1EA0AB5900B20FAB /* YKBaseTableViewController.m in Sources */ = {isa = PBXBuildFile; fileRef = 2632D43C1EA0AB5900B20FAB /* YKBaseTableViewController.m */; };
		2632D44E1EA0AB5900B20FAB /* YKBaseViewController.m in Sources */ = {isa = PBXBuildFile; fileRef = 2632D43E1EA0AB5900B20FAB /* YKBaseViewController.m */; };
		26F0E84C1EA0A893005DA6CC /* main.m in Sources */ = {isa = PBXBuildFile; fileRef = 26F0E84B1EA0A893005DA6CC /* main.m */; };
		26F0E84F1EA0A893005DA6CC /* AppDelegate.m in Sources */ = {isa = PBXBuildFile; fileRef = 26F0E84E1EA0A893005DA6CC /* AppDelegate.m */; };
		26F0E8521EA0A893005DA6CC /* ViewController.m in Sources */ = {isa = PBXBuildFile; fileRef = 26F0E8511EA0A893005DA6CC /* ViewController.m */; };
		26F0E8551EA0A893005DA6CC /* Main.storyboard in Resources */ = {isa = PBXBuildFile; fileRef = 26F0E8531EA0A893005DA6CC /* Main.storyboard */; };
		26F0E8571EA0A893005DA6CC /* Assets.xcassets in Resources */ = {isa = PBXBuildFile; fileRef = 26F0E8561EA0A893005DA6CC /* Assets.xcassets */; };
		26F0E85A1EA0A893005DA6CC /* LaunchScreen.storyboard in Resources */ = {isa = PBXBuildFile; fileRef = 26F0E8581EA0A893005DA6CC /* LaunchScreen.storyboard */; };
		26F0E8651EA0A893005DA6CC /* OCBaseProjectTests.m in Sources */ = {isa = PBXBuildFile; fileRef = 26F0E8641EA0A893005DA6CC /* OCBaseProjectTests.m */; };
		26F0E8701EA0A893005DA6CC /* OCBaseProjectUITests.m in Sources */ = {isa = PBXBuildFile; fileRef = 26F0E86F1EA0A893005DA6CC /* OCBaseProjectUITests.m */; };
		FE58D6934192784727549881 /* libPods-OCBaseProject.a in Frameworks */ = {isa = PBXBuildFile; fileRef = 98A4C618A0035E3A70CAF175 /* libPods-OCBaseProject.a */; };
/* End PBXBuildFile section */

/* Begin PBXContainerItemProxy section */
		26F0E8611EA0A893005DA6CC /* PBXContainerItemProxy */ = {
			isa = PBXContainerItemProxy;
			containerPortal = 26F0E83F1EA0A893005DA6CC /* Project object */;
			proxyType = 1;
			remoteGlobalIDString = 26F0E8461EA0A893005DA6CC;
			remoteInfo = OCBaseProject;
		};
		26F0E86C1EA0A893005DA6CC /* PBXContainerItemProxy */ = {
			isa = PBXContainerItemProxy;
			containerPortal = 26F0E83F1EA0A893005DA6CC /* Project object */;
			proxyType = 1;
			remoteGlobalIDString = 26F0E8461EA0A893005DA6CC;
			remoteInfo = OCBaseProject;
		};
/* End PBXContainerItemProxy section */

/* Begin PBXFileReference section */
		2632D4321EA0AB5900B20FAB /* 项目架构文件 */ = {isa = PBXFileReference; fileEncoding = 4; lastKnownFileType = text; path = "项目架构文件"; sourceTree = "<group>"; };
		2632D43B1EA0AB5900B20FAB /* YKBaseTableViewController.h */ = {isa = PBXFileReference; fileEncoding = 4; lastKnownFileType = sourcecode.c.h; path = YKBaseTableViewController.h; sourceTree = "<group>"; };
		2632D43C1EA0AB5900B20FAB /* YKBaseTableViewController.m */ = {isa = PBXFileReference; fileEncoding = 4; lastKnownFileType = sourcecode.c.objc; path = YKBaseTableViewController.m; sourceTree = "<group>"; };
		2632D43D1EA0AB5900B20FAB /* YKBaseViewController.h */ = {isa = PBXFileReference; fileEncoding = 4; lastKnownFileType = sourcecode.c.h; path = YKBaseViewController.h; sourceTree = "<group>"; };
		2632D43E1EA0AB5900B20FAB /* YKBaseViewController.m */ = {isa = PBXFileReference; fileEncoding = 4; lastKnownFileType = sourcecode.c.objc; path = YKBaseViewController.m; sourceTree = "<group>"; };
		26F0E8471EA0A893005DA6CC /* OCBaseProject.app */ = {isa = PBXFileReference; explicitFileType = wrapper.application; includeInIndex = 0; path = OCBaseProject.app; sourceTree = BUILT_PRODUCTS_DIR; };
		26F0E84B1EA0A893005DA6CC /* main.m */ = {isa = PBXFileReference; lastKnownFileType = sourcecode.c.objc; name = main.m; path = ../main.m; sourceTree = "<group>"; };
		26F0E84D1EA0A893005DA6CC /* AppDelegate.h */ = {isa = PBXFileReference; lastKnownFileType = sourcecode.c.h; name = AppDelegate.h; path = ../AppDelegate.h; sourceTree = "<group>"; };
		26F0E84E1EA0A893005DA6CC /* AppDelegate.m */ = {isa = PBXFileReference; lastKnownFileType = sourcecode.c.objc; name = AppDelegate.m; path = ../AppDelegate.m; sourceTree = "<group>"; };
		26F0E8501EA0A893005DA6CC /* ViewController.h */ = {isa = PBXFileReference; lastKnownFileType = sourcecode.c.h; path = ViewController.h; sourceTree = "<group>"; };
		26F0E8511EA0A893005DA6CC /* ViewController.m */ = {isa = PBXFileReference; lastKnownFileType = sourcecode.c.objc; path = ViewController.m; sourceTree = "<group>"; };
		26F0E8541EA0A893005DA6CC /* Base */ = {isa = PBXFileReference; lastKnownFileType = file.storyboard; name = Base; path = Base.lproj/Main.storyboard; sourceTree = "<group>"; };
		26F0E8561EA0A893005DA6CC /* Assets.xcassets */ = {isa = PBXFileReference; lastKnownFileType = folder.assetcatalog; path = Assets.xcassets; sourceTree = "<group>"; };
		26F0E8591EA0A893005DA6CC /* Base */ = {isa = PBXFileReference; lastKnownFileType = file.storyboard; name = Base; path = Base.lproj/LaunchScreen.storyboard; sourceTree = "<group>"; };
		26F0E85B1EA0A893005DA6CC /* Info.plist */ = {isa = PBXFileReference; lastKnownFileType = text.plist.xml; name = Info.plist; path = ../Info.plist; sourceTree = "<group>"; };
		26F0E8601EA0A893005DA6CC /* OCBaseProjectTests.xctest */ = {isa = PBXFileReference; explicitFileType = wrapper.cfbundle; includeInIndex = 0; path = OCBaseProjectTests.xctest; sourceTree = BUILT_PRODUCTS_DIR; };
		26F0E8641EA0A893005DA6CC /* OCBaseProjectTests.m */ = {isa = PBXFileReference; lastKnownFileType = sourcecode.c.objc; path = OCBaseProjectTests.m; sourceTree = "<group>"; };
		26F0E8661EA0A893005DA6CC /* Info.plist */ = {isa = PBXFileReference; lastKnownFileType = text.plist.xml; path = Info.plist; sourceTree = "<group>"; };
		26F0E86B1EA0A893005DA6CC /* OCBaseProjectUITests.xctest */ = {isa = PBXFileReference; explicitFileType = wrapper.cfbundle; includeInIndex = 0; path = OCBaseProjectUITests.xctest; sourceTree = BUILT_PRODUCTS_DIR; };
		26F0E86F1EA0A893005DA6CC /* OCBaseProjectUITests.m */ = {isa = PBXFileReference; lastKnownFileType = sourcecode.c.objc; path = OCBaseProjectUITests.m; sourceTree = "<group>"; };
		26F0E8711EA0A893005DA6CC /* Info.plist */ = {isa = PBXFileReference; lastKnownFileType = text.plist.xml; path = Info.plist; sourceTree = "<group>"; };
		98A4C618A0035E3A70CAF175 /* libPods-OCBaseProject.a */ = {isa = PBXFileReference; explicitFileType = archive.ar; includeInIndex = 0; path = "libPods-OCBaseProject.a"; sourceTree = BUILT_PRODUCTS_DIR; };
		AD4D78C0B7487D00EE8EACC8 /* Pods-OCBaseProject.debug.xcconfig */ = {isa = PBXFileReference; includeInIndex = 1; lastKnownFileType = text.xcconfig; name = "Pods-OCBaseProject.debug.xcconfig"; path = "Pods/Target Support Files/Pods-OCBaseProject/Pods-OCBaseProject.debug.xcconfig"; sourceTree = "<group>"; };
		AFD21319742415AC142C012D /* Pods-OCBaseProject.release.xcconfig */ = {isa = PBXFileReference; includeInIndex = 1; lastKnownFileType = text.xcconfig; name = "Pods-OCBaseProject.release.xcconfig"; path = "Pods/Target Support Files/Pods-OCBaseProject/Pods-OCBaseProject.release.xcconfig"; sourceTree = "<group>"; };
/* End PBXFileReference section */

/* Begin PBXFrameworksBuildPhase section */
		26F0E8441EA0A893005DA6CC /* Frameworks */ = {
			isa = PBXFrameworksBuildPhase;
			buildActionMask = 2147483647;
			files = (
				FE58D6934192784727549881 /* libPods-OCBaseProject.a in Frameworks */,
			);
			runOnlyForDeploymentPostprocessing = 0;
		};
		26F0E85D1EA0A893005DA6CC /* Frameworks */ = {
			isa = PBXFrameworksBuildPhase;
			buildActionMask = 2147483647;
			files = (
			);
			runOnlyForDeploymentPostprocessing = 0;
		};
		26F0E8681EA0A893005DA6CC /* Frameworks */ = {
			isa = PBXFrameworksBuildPhase;
			buildActionMask = 2147483647;
			files = (
			);
			runOnlyForDeploymentPostprocessing = 0;
		};
/* End PBXFrameworksBuildPhase section */

/* Begin PBXGroup section */
		2632D4331EA0AB5900B20FAB /* AppEntry(程序入口) */ = {
			isa = PBXGroup;
			children = (
				26F0E84B1EA0A893005DA6CC /* main.m */,
				26F0E84D1EA0A893005DA6CC /* AppDelegate.h */,
				26F0E84E1EA0A893005DA6CC /* AppDelegate.m */,
				26F0E85B1EA0A893005DA6CC /* Info.plist */,
			);
			path = "AppEntry(程序入口)";
			sourceTree = "<group>";
		};
		2632D4341EA0AB5900B20FAB /* Config(配置) */ = {
			isa = PBXGroup;
			children = (
			);
			path = "Config(配置)";
			sourceTree = "<group>";
		};
		2632D4351EA0AB5900B20FAB /* Features(模块) */ = {
			isa = PBXGroup;
			children = (
				2632D4361EA0AB5900B20FAB /* Base */,
				2632D43F1EA0AB5900B20FAB /* Home */,
				2632D4431EA0AB5900B20FAB /* UserCenter */,
			);
			path = "Features(模块)";
			sourceTree = "<group>";
		};
		2632D4361EA0AB5900B20FAB /* Base */ = {
			isa = PBXGroup;
			children = (
				2632D4371EA0AB5900B20FAB /* Manager */,
				2632D4381EA0AB5900B20FAB /* Model */,
				2632D4391EA0AB5900B20FAB /* View */,
				2632D43A1EA0AB5900B20FAB /* ViewController */,
			);
			path = Base;
			sourceTree = "<group>";
		};
		2632D4371EA0AB5900B20FAB /* Manager */ = {
			isa = PBXGroup;
			children = (
			);
			path = Manager;
			sourceTree = "<group>";
		};
		2632D4381EA0AB5900B20FAB /* Model */ = {
			isa = PBXGroup;
			children = (
			);
			path = Model;
			sourceTree = "<group>";
		};
		2632D4391EA0AB5900B20FAB /* View */ = {
			isa = PBXGroup;
			children = (
			);
			path = View;
			sourceTree = "<group>";
		};
		2632D43A1EA0AB5900B20FAB /* ViewController */ = {
			isa = PBXGroup;
			children = (
				2632D43B1EA0AB5900B20FAB /* YKBaseTableViewController.h */,
				2632D43C1EA0AB5900B20FAB /* YKBaseTableViewController.m */,
				2632D43D1EA0AB5900B20FAB /* YKBaseViewController.h */,
				2632D43E1EA0AB5900B20FAB /* YKBaseViewController.m */,
			);
			path = ViewController;
			sourceTree = "<group>";
		};
		2632D43F1EA0AB5900B20FAB /* Home */ = {
			isa = PBXGroup;
			children = (
				2632D4401EA0AB5900B20FAB /* Model */,
				2632D4411EA0AB5900B20FAB /* View */,
				2632D4421EA0AB5900B20FAB /* ViewController */,
			);
			path = Home;
			sourceTree = "<group>";
		};
		2632D4401EA0AB5900B20FAB /* Model */ = {
			isa = PBXGroup;
			children = (
			);
			path = Model;
			sourceTree = "<group>";
		};
		2632D4411EA0AB5900B20FAB /* View */ = {
			isa = PBXGroup;
			children = (
			);
			path = View;
			sourceTree = "<group>";
		};
		2632D4421EA0AB5900B20FAB /* ViewController */ = {
			isa = PBXGroup;
			children = (
			);
			path = ViewController;
			sourceTree = "<group>";
		};
		2632D4431EA0AB5900B20FAB /* UserCenter */ = {
			isa = PBXGroup;
			children = (
				2632D4441EA0AB5900B20FAB /* Model */,
				2632D4451EA0AB5900B20FAB /* View */,
				2632D4461EA0AB5900B20FAB /* ViewController */,
			);
			path = UserCenter;
			sourceTree = "<group>";
		};
		2632D4441EA0AB5900B20FAB /* Model */ = {
			isa = PBXGroup;
			children = (
			);
			path = Model;
			sourceTree = "<group>";
		};
		2632D4451EA0AB5900B20FAB /* View */ = {
			isa = PBXGroup;
			children = (
			);
			path = View;
			sourceTree = "<group>";
		};
		2632D4461EA0AB5900B20FAB /* ViewController */ = {
			isa = PBXGroup;
			children = (
			);
			path = ViewController;
			sourceTree = "<group>";
		};
		2632D4471EA0AB5900B20FAB /* Frameworks(系统框架) */ = {
			isa = PBXGroup;
			children = (
			);
			path = "Frameworks(系统框架)";
			sourceTree = "<group>";
		};
		2632D4481EA0AB5900B20FAB /* Helpers(帮助类) */ = {
			isa = PBXGroup;
			children = (
			);
			path = "Helpers(帮助类)";
			sourceTree = "<group>";
		};
		2632D4491EA0AB5900B20FAB /* Resources(资源) */ = {
			isa = PBXGroup;
			children = (
			);
			path = "Resources(资源)";
			sourceTree = "<group>";
		};
		2632D44A1EA0AB5900B20FAB /* Utilites(工具类) */ = {
			isa = PBXGroup;
			children = (
			);
			path = "Utilites(工具类)";
			sourceTree = "<group>";
		};
		2632D44B1EA0AB5900B20FAB /* Vendors(第三方库) */ = {
			isa = PBXGroup;
			children = (
			);
			path = "Vendors(第三方库)";
			sourceTree = "<group>";
		};
		26F0E83E1EA0A893005DA6CC = {
			isa = PBXGroup;
			children = (
				26F0E8491EA0A893005DA6CC /* OCBaseProject */,
				26F0E8631EA0A893005DA6CC /* OCBaseProjectTests */,
				26F0E86E1EA0A893005DA6CC /* OCBaseProjectUITests */,
				26F0E8481EA0A893005DA6CC /* Products */,
				767F63C7173D4097289B9F94 /* Pods */,
				465A88240455BC7D294C7E9E /* Frameworks */,
			);
			sourceTree = "<group>";
		};
		26F0E8481EA0A893005DA6CC /* Products */ = {
			isa = PBXGroup;
			children = (
				26F0E8471EA0A893005DA6CC /* OCBaseProject.app */,
				26F0E8601EA0A893005DA6CC /* OCBaseProjectTests.xctest */,
				26F0E86B1EA0A893005DA6CC /* OCBaseProjectUITests.xctest */,
			);
			name = Products;
			sourceTree = "<group>";
		};
		26F0E8491EA0A893005DA6CC /* OCBaseProject */ = {
			isa = PBXGroup;
			children = (
				2632D4321EA0AB5900B20FAB /* 项目架构文件 */,
				2632D4331EA0AB5900B20FAB /* AppEntry(程序入口) */,
				2632D4341EA0AB5900B20FAB /* Config(配置) */,
				2632D4351EA0AB5900B20FAB /* Features(模块) */,
				2632D4471EA0AB5900B20FAB /* Frameworks(系统框架) */,
				2632D4481EA0AB5900B20FAB /* Helpers(帮助类) */,
				2632D4491EA0AB5900B20FAB /* Resources(资源) */,
				2632D44A1EA0AB5900B20FAB /* Utilites(工具类) */,
				2632D44B1EA0AB5900B20FAB /* Vendors(第三方库) */,
				26F0E8501EA0A893005DA6CC /* ViewController.h */,
				26F0E8511EA0A893005DA6CC /* ViewController.m */,
				26F0E84A1EA0A893005DA6CC /* Supporting Files */,
			);
			path = OCBaseProject;
			sourceTree = "<group>";
		};
		26F0E84A1EA0A893005DA6CC /* Supporting Files */ = {
			isa = PBXGroup;
			children = (
				26F0E8531EA0A893005DA6CC /* Main.storyboard */,
				26F0E8561EA0A893005DA6CC /* Assets.xcassets */,
				26F0E8581EA0A893005DA6CC /* LaunchScreen.storyboard */,
			);
			name = "Supporting Files";
			sourceTree = "<group>";
		};
		26F0E8631EA0A893005DA6CC /* OCBaseProjectTests */ = {
			isa = PBXGroup;
			children = (
				26F0E8641EA0A893005DA6CC /* OCBaseProjectTests.m */,
				26F0E8661EA0A893005DA6CC /* Info.plist */,
			);
			path = OCBaseProjectTests;
			sourceTree = "<group>";
		};
		26F0E86E1EA0A893005DA6CC /* OCBaseProjectUITests */ = {
			isa = PBXGroup;
			children = (
				26F0E86F1EA0A893005DA6CC /* OCBaseProjectUITests.m */,
				26F0E8711EA0A893005DA6CC /* Info.plist */,
			);
			path = OCBaseProjectUITests;
			sourceTree = "<group>";
		};
		465A88240455BC7D294C7E9E /* Frameworks */ = {
			isa = PBXGroup;
			children = (
				98A4C618A0035E3A70CAF175 /* libPods-OCBaseProject.a */,
			);
			name = Frameworks;
			sourceTree = "<group>";
		};
		767F63C7173D4097289B9F94 /* Pods */ = {
			isa = PBXGroup;
			children = (
				AD4D78C0B7487D00EE8EACC8 /* Pods-OCBaseProject.debug.xcconfig */,
				AFD21319742415AC142C012D /* Pods-OCBaseProject.release.xcconfig */,
			);
			name = Pods;
			sourceTree = "<group>";
		};
/* End PBXGroup section */

/* Begin PBXNativeTarget section */
		26F0E8461EA0A893005DA6CC /* OCBaseProject */ = {
			isa = PBXNativeTarget;
			buildConfigurationList = 26F0E8741EA0A893005DA6CC /* Build configuration list for PBXNativeTarget "OCBaseProject" */;
			buildPhases = (
				EA919A8CACB054C17C353DE9 /* [CP] Check Pods Manifest.lock */,
				26F0E8431EA0A893005DA6CC /* Sources */,
				26F0E8441EA0A893005DA6CC /* Frameworks */,
				26F0E8451EA0A893005DA6CC /* Resources */,
				57910C2404FDF17CF2A3DDFF /* [CP] Embed Pods Frameworks */,
				79258C16616C6899681109B9 /* [CP] Copy Pods Resources */,
			);
			buildRules = (
			);
			dependencies = (
			);
			name = OCBaseProject;
			productName = OCBaseProject;
			productReference = 26F0E8471EA0A893005DA6CC /* OCBaseProject.app */;
			productType = "com.apple.product-type.application";
		};
		26F0E85F1EA0A893005DA6CC /* OCBaseProjectTests */ = {
			isa = PBXNativeTarget;
			buildConfigurationList = 26F0E8771EA0A893005DA6CC /* Build configuration list for PBXNativeTarget "OCBaseProjectTests" */;
			buildPhases = (
				26F0E85C1EA0A893005DA6CC /* Sources */,
				26F0E85D1EA0A893005DA6CC /* Frameworks */,
				26F0E85E1EA0A893005DA6CC /* Resources */,
			);
			buildRules = (
			);
			dependencies = (
				26F0E8621EA0A893005DA6CC /* PBXTargetDependency */,
			);
			name = OCBaseProjectTests;
			productName = OCBaseProjectTests;
			productReference = 26F0E8601EA0A893005DA6CC /* OCBaseProjectTests.xctest */;
			productType = "com.apple.product-type.bundle.unit-test";
		};
		26F0E86A1EA0A893005DA6CC /* OCBaseProjectUITests */ = {
			isa = PBXNativeTarget;
			buildConfigurationList = 26F0E87A1EA0A893005DA6CC /* Build configuration list for PBXNativeTarget "OCBaseProjectUITests" */;
			buildPhases = (
				26F0E8671EA0A893005DA6CC /* Sources */,
				26F0E8681EA0A893005DA6CC /* Frameworks */,
				26F0E8691EA0A893005DA6CC /* Resources */,
			);
			buildRules = (
			);
			dependencies = (
				26F0E86D1EA0A893005DA6CC /* PBXTargetDependency */,
			);
			name = OCBaseProjectUITests;
			productName = OCBaseProjectUITests;
			productReference = 26F0E86B1EA0A893005DA6CC /* OCBaseProjectUITests.xctest */;
			productType = "com.apple.product-type.bundle.ui-testing";
		};
/* End PBXNativeTarget section */

/* Begin PBXProject section */
		26F0E83F1EA0A893005DA6CC /* Project object */ = {
			isa = PBXProject;
			attributes = {
				LastUpgradeCheck = 0830;
				ORGANIZATIONNAME = YKYourks;
				TargetAttributes = {
					26F0E8461EA0A893005DA6CC = {
						CreatedOnToolsVersion = 8.3.1;
						ProvisioningStyle = Automatic;
					};
					26F0E85F1EA0A893005DA6CC = {
						CreatedOnToolsVersion = 8.3.1;
						ProvisioningStyle = Automatic;
						TestTargetID = 26F0E8461EA0A893005DA6CC;
					};
					26F0E86A1EA0A893005DA6CC = {
						CreatedOnToolsVersion = 8.3.1;
						ProvisioningStyle = Automatic;
						TestTargetID = 26F0E8461EA0A893005DA6CC;
					};
				};
			};
			buildConfigurationList = 26F0E8421EA0A893005DA6CC /* Build configuration list for PBXProject "OCBaseProject" */;
			compatibilityVersion = "Xcode 3.2";
			developmentRegion = English;
			hasScannedForEncodings = 0;
			knownRegions = (
				en,
				Base,
			);
			mainGroup = 26F0E83E1EA0A893005DA6CC;
			productRefGroup = 26F0E8481EA0A893005DA6CC /* Products */;
			projectDirPath = "";
			projectRoot = "";
			targets = (
				26F0E8461EA0A893005DA6CC /* OCBaseProject */,
				26F0E85F1EA0A893005DA6CC /* OCBaseProjectTests */,
				26F0E86A1EA0A893005DA6CC /* OCBaseProjectUITests */,
			);
		};
/* End PBXProject section */

/* Begin PBXResourcesBuildPhase section */
		26F0E8451EA0A893005DA6CC /* Resources */ = {
			isa = PBXResourcesBuildPhase;
			buildActionMask = 2147483647;
			files = (
				2632D44C1EA0AB5900B20FAB /* 项目架构文件 in Resources */,
				26F0E85A1EA0A893005DA6CC /* LaunchScreen.storyboard in Resources */,
				26F0E8571EA0A893005DA6CC /* Assets.xcassets in Resources */,
				26F0E8551EA0A893005DA6CC /* Main.storyboard in Resources */,
			);
			runOnlyForDeploymentPostprocessing = 0;
		};
		26F0E85E1EA0A893005DA6CC /* Resources */ = {
			isa = PBXResourcesBuildPhase;
			buildActionMask = 2147483647;
			files = (
			);
			runOnlyForDeploymentPostprocessing = 0;
		};
		26F0E8691EA0A893005DA6CC /* Resources */ = {
			isa = PBXResourcesBuildPhase;
			buildActionMask = 2147483647;
			files = (
			);
			runOnlyForDeploymentPostprocessing = 0;
		};
/* End PBXResourcesBuildPhase section */

/* Begin PBXShellScriptBuildPhase section */
		57910C2404FDF17CF2A3DDFF /* [CP] Embed Pods Frameworks */ = {
			isa = PBXShellScriptBuildPhase;
			buildActionMask = 2147483647;
			files = (
			);
			inputPaths = (
			);
			name = "[CP] Embed Pods Frameworks";
			outputPaths = (
			);
			runOnlyForDeploymentPostprocessing = 0;
			shellPath = /bin/sh;
			shellScript = "\"${SRCROOT}/Pods/Target Support Files/Pods-OCBaseProject/Pods-OCBaseProject-frameworks.sh\"\n";
			showEnvVarsInLog = 0;
		};
		79258C16616C6899681109B9 /* [CP] Copy Pods Resources */ = {
			isa = PBXShellScriptBuildPhase;
			buildActionMask = 2147483647;
			files = (
			);
			inputPaths = (
			);
			name = "[CP] Copy Pods Resources";
			outputPaths = (
			);
			runOnlyForDeploymentPostprocessing = 0;
			shellPath = /bin/sh;
			shellScript = "\"${SRCROOT}/Pods/Target Support Files/Pods-OCBaseProject/Pods-OCBaseProject-resources.sh\"\n";
			showEnvVarsInLog = 0;
		};
		EA919A8CACB054C17C353DE9 /* [CP] Check Pods Manifest.lock */ = {
			isa = PBXShellScriptBuildPhase;
			buildActionMask = 2147483647;
			files = (
			);
			inputPaths = (
			);
			name = "[CP] Check Pods Manifest.lock";
			outputPaths = (
			);
			runOnlyForDeploymentPostprocessing = 0;
			shellPath = /bin/sh;
			shellScript = "diff \"${PODS_ROOT}/../Podfile.lock\" \"${PODS_ROOT}/Manifest.lock\" > /dev/null\nif [ $? != 0 ] ; then\n    # print error to STDERR\n    echo \"error: The sandbox is not in sync with the Podfile.lock. Run 'pod install' or update your CocoaPods installation.\" >&2\n    exit 1\nfi\n";
			showEnvVarsInLog = 0;
		};
/* End PBXShellScriptBuildPhase section */

/* Begin PBXSourcesBuildPhase section */
		26F0E8431EA0A893005DA6CC /* Sources */ = {
			isa = PBXSourcesBuildPhase;
			buildActionMask = 2147483647;
			files = (
				2632D44D1EA0AB5900B20FAB /* YKBaseTableViewController.m in Sources */,
				26F0E8521EA0A893005DA6CC /* ViewController.m in Sources */,
				26F0E84F1EA0A893005DA6CC /* AppDelegate.m in Sources */,
				26F0E84C1EA0A893005DA6CC /* main.m in Sources */,
				2632D44E1EA0AB5900B20FAB /* YKBaseViewController.m in Sources */,
			);
			runOnlyForDeploymentPostprocessing = 0;
		};
		26F0E85C1EA0A893005DA6CC /* Sources */ = {
			isa = PBXSourcesBuildPhase;
			buildActionMask = 2147483647;
			files = (
				26F0E8651EA0A893005DA6CC /* OCBaseProjectTests.m in Sources */,
			);
			runOnlyForDeploymentPostprocessing = 0;
		};
		26F0E8671EA0A893005DA6CC /* Sources */ = {
			isa = PBXSourcesBuildPhase;
			buildActionMask = 2147483647;
			files = (
				26F0E8701EA0A893005DA6CC /* OCBaseProjectUITests.m in Sources */,
			);
			runOnlyForDeploymentPostprocessing = 0;
		};
/* End PBXSourcesBuildPhase section */

/* Begin PBXTargetDependency section */
		26F0E8621EA0A893005DA6CC /* PBXTargetDependency */ = {
			isa = PBXTargetDependency;
			target = 26F0E8461EA0A893005DA6CC /* OCBaseProject */;
			targetProxy = 26F0E8611EA0A893005DA6CC /* PBXContainerItemProxy */;
		};
		26F0E86D1EA0A893005DA6CC /* PBXTargetDependency */ = {
			isa = PBXTargetDependency;
			target = 26F0E8461EA0A893005DA6CC /* OCBaseProject */;
			targetProxy = 26F0E86C1EA0A893005DA6CC /* PBXContainerItemProxy */;
		};
/* End PBXTargetDependency section */

/* Begin PBXVariantGroup section */
		26F0E8531EA0A893005DA6CC /* Main.storyboard */ = {
			isa = PBXVariantGroup;
			children = (
				26F0E8541EA0A893005DA6CC /* Base */,
			);
			name = Main.storyboard;
			sourceTree = "<group>";
		};
		26F0E8581EA0A893005DA6CC /* LaunchScreen.storyboard */ = {
			isa = PBXVariantGroup;
			children = (
				26F0E8591EA0A893005DA6CC /* Base */,
			);
			name = LaunchScreen.storyboard;
			sourceTree = "<group>";
		};
/* End PBXVariantGroup section */

/* Begin XCBuildConfiguration section */
		26F0E8721EA0A893005DA6CC /* Debug */ = {
			isa = XCBuildConfiguration;
			buildSettings = {
				ALWAYS_SEARCH_USER_PATHS = NO;
				CLANG_ANALYZER_NONNULL = YES;
				CLANG_ANALYZER_NUMBER_OBJECT_CONVERSION = YES_AGGRESSIVE;
				CLANG_CXX_LANGUAGE_STANDARD = "gnu++0x";
				CLANG_CXX_LIBRARY = "libc++";
				CLANG_ENABLE_MODULES = YES;
				CLANG_ENABLE_OBJC_ARC = YES;
				CLANG_WARN_BOOL_CONVERSION = YES;
				CLANG_WARN_CONSTANT_CONVERSION = YES;
				CLANG_WARN_DIRECT_OBJC_ISA_USAGE = YES_ERROR;
				CLANG_WARN_DOCUMENTATION_COMMENTS = YES;
				CLANG_WARN_EMPTY_BODY = YES;
				CLANG_WARN_ENUM_CONVERSION = YES;
				CLANG_WARN_INFINITE_RECURSION = YES;
				CLANG_WARN_INT_CONVERSION = YES;
				CLANG_WARN_OBJC_ROOT_CLASS = YES_ERROR;
				CLANG_WARN_SUSPICIOUS_MOVE = YES;
				CLANG_WARN_UNREACHABLE_CODE = YES;
				CLANG_WARN__DUPLICATE_METHOD_MATCH = YES;
				"CODE_SIGN_IDENTITY[sdk=iphoneos*]" = "iPhone Developer";
				COPY_PHASE_STRIP = NO;
				DEBUG_INFORMATION_FORMAT = dwarf;
				ENABLE_STRICT_OBJC_MSGSEND = YES;
				ENABLE_TESTABILITY = YES;
				GCC_C_LANGUAGE_STANDARD = gnu99;
				GCC_DYNAMIC_NO_PIC = NO;
				GCC_NO_COMMON_BLOCKS = YES;
				GCC_OPTIMIZATION_LEVEL = 0;
				GCC_PREPROCESSOR_DEFINITIONS = (
					"DEBUG=1",
					"$(inherited)",
				);
				GCC_WARN_64_TO_32_BIT_CONVERSION = YES;
				GCC_WARN_ABOUT_RETURN_TYPE = YES_ERROR;
				GCC_WARN_UNDECLARED_SELECTOR = YES;
				GCC_WARN_UNINITIALIZED_AUTOS = YES_AGGRESSIVE;
				GCC_WARN_UNUSED_FUNCTION = YES;
				GCC_WARN_UNUSED_VARIABLE = YES;
				IPHONEOS_DEPLOYMENT_TARGET = 10.3;
				MTL_ENABLE_DEBUG_INFO = YES;
				ONLY_ACTIVE_ARCH = YES;
				SDKROOT = iphoneos;
				TARGETED_DEVICE_FAMILY = "1,2";
			};
			name = Debug;
		};
		26F0E8731EA0A893005DA6CC /* Release */ = {
			isa = XCBuildConfiguration;
			buildSettings = {
				ALWAYS_SEARCH_USER_PATHS = NO;
				CLANG_ANALYZER_NONNULL = YES;
				CLANG_ANALYZER_NUMBER_OBJECT_CONVERSION = YES_AGGRESSIVE;
				CLANG_CXX_LANGUAGE_STANDARD = "gnu++0x";
				CLANG_CXX_LIBRARY = "libc++";
				CLANG_ENABLE_MODULES = YES;
				CLANG_ENABLE_OBJC_ARC = YES;
				CLANG_WARN_BOOL_CONVERSION = YES;
				CLANG_WARN_CONSTANT_CONVERSION = YES;
				CLANG_WARN_DIRECT_OBJC_ISA_USAGE = YES_ERROR;
				CLANG_WARN_DOCUMENTATION_COMMENTS = YES;
				CLANG_WARN_EMPTY_BODY = YES;
				CLANG_WARN_ENUM_CONVERSION = YES;
				CLANG_WARN_INFINITE_RECURSION = YES;
				CLANG_WARN_INT_CONVERSION = YES;
				CLANG_WARN_OBJC_ROOT_CLASS = YES_ERROR;
				CLANG_WARN_SUSPICIOUS_MOVE = YES;
				CLANG_WARN_UNREACHABLE_CODE = YES;
				CLANG_WARN__DUPLICATE_METHOD_MATCH = YES;
				"CODE_SIGN_IDENTITY[sdk=iphoneos*]" = "iPhone Developer";
				COPY_PHASE_STRIP = NO;
				DEBUG_INFORMATION_FORMAT = "dwarf-with-dsym";
				ENABLE_NS_ASSERTIONS = NO;
				ENABLE_STRICT_OBJC_MSGSEND = YES;
				GCC_C_LANGUAGE_STANDARD = gnu99;
				GCC_NO_COMMON_BLOCKS = YES;
				GCC_WARN_64_TO_32_BIT_CONVERSION = YES;
				GCC_WARN_ABOUT_RETURN_TYPE = YES_ERROR;
				GCC_WARN_UNDECLARED_SELECTOR = YES;
				GCC_WARN_UNINITIALIZED_AUTOS = YES_AGGRESSIVE;
				GCC_WARN_UNUSED_FUNCTION = YES;
				GCC_WARN_UNUSED_VARIABLE = YES;
				IPHONEOS_DEPLOYMENT_TARGET = 10.3;
				MTL_ENABLE_DEBUG_INFO = NO;
				SDKROOT = iphoneos;
				TARGETED_DEVICE_FAMILY = "1,2";
				VALIDATE_PRODUCT = YES;
			};
			name = Release;
		};
		26F0E8751EA0A893005DA6CC /* Debug */ = {
			isa = XCBuildConfiguration;
			baseConfigurationReference = AD4D78C0B7487D00EE8EACC8 /* Pods-OCBaseProject.debug.xcconfig */;
			buildSettings = {
				ASSETCATALOG_COMPILER_APPICON_NAME = AppIcon;
				INFOPLIST_FILE = OCBaseProject/Info.plist;
				LD_RUNPATH_SEARCH_PATHS = "$(inherited) @executable_path/Frameworks";
				PRODUCT_BUNDLE_IDENTIFIER = YK.OCBaseProject;
				PRODUCT_NAME = "$(TARGET_NAME)";
			};
			name = Debug;
		};
		26F0E8761EA0A893005DA6CC /* Release */ = {
			isa = XCBuildConfiguration;
			baseConfigurationReference = AFD21319742415AC142C012D /* Pods-OCBaseProject.release.xcconfig */;
			buildSettings = {
				ASSETCATALOG_COMPILER_APPICON_NAME = AppIcon;
				INFOPLIST_FILE = OCBaseProject/Info.plist;
				LD_RUNPATH_SEARCH_PATHS = "$(inherited) @executable_path/Frameworks";
				PRODUCT_BUNDLE_IDENTIFIER = YK.OCBaseProject;
				PRODUCT_NAME = "$(TARGET_NAME)";
			};
			name = Release;
		};
		26F0E8781EA0A893005DA6CC /* Debug */ = {
			isa = XCBuildConfiguration;
			buildSettings = {
				BUNDLE_LOADER = "$(TEST_HOST)";
				INFOPLIST_FILE = OCBaseProjectTests/Info.plist;
				LD_RUNPATH_SEARCH_PATHS = "$(inherited) @executable_path/Frameworks @loader_path/Frameworks";
				PRODUCT_BUNDLE_IDENTIFIER = YK.OCBaseProjectTests;
				PRODUCT_NAME = "$(TARGET_NAME)";
				TEST_HOST = "$(BUILT_PRODUCTS_DIR)/OCBaseProject.app/OCBaseProject";
			};
			name = Debug;
		};
		26F0E8791EA0A893005DA6CC /* Release */ = {
			isa = XCBuildConfiguration;
			buildSettings = {
				BUNDLE_LOADER = "$(TEST_HOST)";
				INFOPLIST_FILE = OCBaseProjectTests/Info.plist;
				LD_RUNPATH_SEARCH_PATHS = "$(inherited) @executable_path/Frameworks @loader_path/Frameworks";
				PRODUCT_BUNDLE_IDENTIFIER = YK.OCBaseProjectTests;
				PRODUCT_NAME = "$(TARGET_NAME)";
				TEST_HOST = "$(BUILT_PRODUCTS_DIR)/OCBaseProject.app/OCBaseProject";
			};
			name = Release;
		};
		26F0E87B1EA0A893005DA6CC /* Debug */ = {
			isa = XCBuildConfiguration;
			buildSettings = {
				INFOPLIST_FILE = OCBaseProjectUITests/Info.plist;
				LD_RUNPATH_SEARCH_PATHS = "$(inherited) @executable_path/Frameworks @loader_path/Frameworks";
				PRODUCT_BUNDLE_IDENTIFIER = YK.OCBaseProjectUITests;
				PRODUCT_NAME = "$(TARGET_NAME)";
				TEST_TARGET_NAME = OCBaseProject;
			};
			name = Debug;
		};
		26F0E87C1EA0A893005DA6CC /* Release */ = {
			isa = XCBuildConfiguration;
			buildSettings = {
				INFOPLIST_FILE = OCBaseProjectUITests/Info.plist;
				LD_RUNPATH_SEARCH_PATHS = "$(inherited) @executable_path/Frameworks @loader_path/Frameworks";
				PRODUCT_BUNDLE_IDENTIFIER = YK.OCBaseProjectUITests;
				PRODUCT_NAME = "$(TARGET_NAME)";
				TEST_TARGET_NAME = OCBaseProject;
			};
			name = Release;
		};
/* End XCBuildConfiguration section */

/* Begin XCConfigurationList section */
		26F0E8421EA0A893005DA6CC /* Build configuration list for PBXProject "OCBaseProject" */ = {
			isa = XCConfigurationList;
			buildConfigurations = (
				26F0E8721EA0A893005DA6CC /* Debug */,
				26F0E8731EA0A893005DA6CC /* Release */,
			);
			defaultConfigurationIsVisible = 0;
			defaultConfigurationName = Release;
		};
		26F0E8741EA0A893005DA6CC /* Build configuration list for PBXNativeTarget "OCBaseProject" */ = {
			isa = XCConfigurationList;
			buildConfigurations = (
				26F0E8751EA0A893005DA6CC /* Debug */,
				26F0E8761EA0A893005DA6CC /* Release */,
			);
			defaultConfigurationIsVisible = 0;
			defaultConfigurationName = Release;
		};
		26F0E8771EA0A893005DA6CC /* Build configuration list for PBXNativeTarget "OCBaseProjectTests" */ = {
			isa = XCConfigurationList;
			buildConfigurations = (
				26F0E8781EA0A893005DA6CC /* Debug */,
				26F0E8791EA0A893005DA6CC /* Release */,
			);
			defaultConfigurationIsVisible = 0;
			defaultConfigurationName = Release;
		};
		26F0E87A1EA0A893005DA6CC /* Build configuration list for PBXNativeTarget "OCBaseProjectUITests" */ = {
			isa = XCConfigurationList;
			buildConfigurations = (
				26F0E87B1EA0A893005DA6CC /* Debug */,
				26F0E87C1EA0A893005DA6CC /* Release */,
			);
			defaultConfigurationIsVisible = 0;
			defaultConfigurationName = Release;
		};
/* End XCConfigurationList section */
	};
	rootObject = 26F0E83F1EA0A893005DA6CC /* Project object */;
}
